
Microsoft Visual Studio Solution File, Format Version 12.00
# Visual Studio Version 17
VisualStudioVersion = 17.0.31919.166
MinimumVisualStudioVersion = 10.0.40219.1
Project("{FAE04EC0-301F-11D3-BF4B-00C04F79EFBC}") = "LINQTOSQL2", "LINQTOSQL2\LINQTOSQL2.csproj", "{486A45F6-4CA5-4F86-A092-FBAF1A459407}"
EndProject
Global
	GlobalSection(SolutionConfigurationPlatforms) = preSolution
		Debug|Any CPU = Debug|Any CPU
		Release|Any CPU = Release|Any CPU
	EndGlobalSection
	GlobalSection(ProjectConfigurationPlatforms) = postSolution
		{486A45F6-4CA5-4F86-A092-FBAF1A459407}.Debug|Any CPU.ActiveCfg = Debug|Any CPU
		{486A45F6-4CA5-4F86-A092-FBAF1A459407}.Debug|Any CPU.Build.0 = Debug|Any CPU
		{486A45F6-4CA5-4F86-A092-FBAF1A459407}.Release|Any CPU.ActiveCfg = Release|Any CPU
		{486A45F6-4CA5-4F86-A092-FBAF1A459407}.Release|Any CPU.Build.0 = Release|Any CPU
	EndGlobalSection
	GlobalSection(SolutionProperties) = preSolution
		HideSolutionNode = FALSE
	EndGlobalSection
	GlobalSection(ExtensibilityGlobals) = postSolution
		SolutionGuid = {2AA2285F-FBA8-4033-B4A4-95861318D35A}
	EndGlobalSection
EndGlobal
