
Microsoft Visual Studio Solution File, Format Version 12.00
# Visual Studio Version 17
VisualStudioVersion = 17.1.32210.238
MinimumVisualStudioVersion = 10.0.40219.1
Project("{FAE04EC0-301F-11D3-BF4B-00C04F79EFBC}") = "NonGenericCollectionQueue", "NonGenericCollectionQueue.csproj", "{C7F0D480-9105-4EF3-A229-CAEB35165A42}"
EndProject
Global
	GlobalSection(SolutionConfigurationPlatforms) = preSolution
		Debug|Any CPU = Debug|Any CPU
		Release|Any CPU = Release|Any CPU
	EndGlobalSection
	GlobalSection(ProjectConfigurationPlatforms) = postSolution
		{C7F0D480-9105-4EF3-A229-CAEB35165A42}.Debug|Any CPU.ActiveCfg = Debug|Any CPU
		{C7F0D480-9105-4EF3-A229-CAEB35165A42}.Debug|Any CPU.Build.0 = Debug|Any CPU
		{C7F0D480-9105-4EF3-A229-CAEB35165A42}.Release|Any CPU.ActiveCfg = Release|Any CPU
		{C7F0D480-9105-4EF3-A229-CAEB35165A42}.Release|Any CPU.Build.0 = Release|Any CPU
	EndGlobalSection
	GlobalSection(SolutionProperties) = preSolution
		HideSolutionNode = FALSE
	EndGlobalSection
	GlobalSection(ExtensibilityGlobals) = postSolution
		SolutionGuid = {592C573B-D3C2-49EA-8CA5-3DD5611F9A56}
	EndGlobalSection
EndGlobal
