
Microsoft Visual Studio Solution File, Format Version 12.00
# Visual Studio Version 17
VisualStudioVersion = 17.1.32210.238
MinimumVisualStudioVersion = 10.0.40219.1
Project("{FAE04EC0-301F-11D3-BF4B-00C04F79EFBC}") = "Generic", "Generic.csproj", "{F5AD6DF2-B799-4EDE-835C-FC4FB3F48BD5}"
EndProject
Global
	GlobalSection(SolutionConfigurationPlatforms) = preSolution
		Debug|Any CPU = Debug|Any CPU
		Release|Any CPU = Release|Any CPU
	EndGlobalSection
	GlobalSection(ProjectConfigurationPlatforms) = postSolution
		{F5AD6DF2-B799-4EDE-835C-FC4FB3F48BD5}.Debug|Any CPU.ActiveCfg = Debug|Any CPU
		{F5AD6DF2-B799-4EDE-835C-FC4FB3F48BD5}.Debug|Any CPU.Build.0 = Debug|Any CPU
		{F5AD6DF2-B799-4EDE-835C-FC4FB3F48BD5}.Release|Any CPU.ActiveCfg = Release|Any CPU
		{F5AD6DF2-B799-4EDE-835C-FC4FB3F48BD5}.Release|Any CPU.Build.0 = Release|Any CPU
	EndGlobalSection
	GlobalSection(SolutionProperties) = preSolution
		HideSolutionNode = FALSE
	EndGlobalSection
	GlobalSection(ExtensibilityGlobals) = postSolution
		SolutionGuid = {260929F8-B71C-48DC-B89E-7AC6A1EDE778}
	EndGlobalSection
EndGlobal
