
Microsoft Visual Studio Solution File, Format Version 12.00
# Visual Studio Version 17
VisualStudioVersion = 17.1.32210.238
MinimumVisualStudioVersion = 10.0.40219.1
Project("{FAE04EC0-301F-11D3-BF4B-00C04F79EFBC}") = "Percentage", "Percentage.csproj", "{A3FA54D1-66D5-49A5-A423-9F0CF0102F21}"
EndProject
Global
	GlobalSection(SolutionConfigurationPlatforms) = preSolution
		Debug|Any CPU = Debug|Any CPU
		Release|Any CPU = Release|Any CPU
	EndGlobalSection
	GlobalSection(ProjectConfigurationPlatforms) = postSolution
		{A3FA54D1-66D5-49A5-A423-9F0CF0102F21}.Debug|Any CPU.ActiveCfg = Debug|Any CPU
		{A3FA54D1-66D5-49A5-A423-9F0CF0102F21}.Debug|Any CPU.Build.0 = Debug|Any CPU
		{A3FA54D1-66D5-49A5-A423-9F0CF0102F21}.Release|Any CPU.ActiveCfg = Release|Any CPU
		{A3FA54D1-66D5-49A5-A423-9F0CF0102F21}.Release|Any CPU.Build.0 = Release|Any CPU
	EndGlobalSection
	GlobalSection(SolutionProperties) = preSolution
		HideSolutionNode = FALSE
	EndGlobalSection
	GlobalSection(ExtensibilityGlobals) = postSolution
		SolutionGuid = {ED47BECA-C706-4A83-9AB2-5D494BB0B6B3}
	EndGlobalSection
EndGlobal
