
Microsoft Visual Studio Solution File, Format Version 12.00
# Visual Studio Version 17
VisualStudioVersion = 17.1.32210.238
MinimumVisualStudioVersion = 10.0.40219.1
Project("{FAE04EC0-301F-11D3-BF4B-00C04F79EFBC}") = "EvenOdd", "EvenOdd.csproj", "{CE9CC459-CCAF-4FB1-8CD3-8527065D8683}"
EndProject
Global
	GlobalSection(SolutionConfigurationPlatforms) = preSolution
		Debug|Any CPU = Debug|Any CPU
		Release|Any CPU = Release|Any CPU
	EndGlobalSection
	GlobalSection(ProjectConfigurationPlatforms) = postSolution
		{CE9CC459-CCAF-4FB1-8CD3-8527065D8683}.Debug|Any CPU.ActiveCfg = Debug|Any CPU
		{CE9CC459-CCAF-4FB1-8CD3-8527065D8683}.Debug|Any CPU.Build.0 = Debug|Any CPU
		{CE9CC459-CCAF-4FB1-8CD3-8527065D8683}.Release|Any CPU.ActiveCfg = Release|Any CPU
		{CE9CC459-CCAF-4FB1-8CD3-8527065D8683}.Release|Any CPU.Build.0 = Release|Any CPU
	EndGlobalSection
	GlobalSection(SolutionProperties) = preSolution
		HideSolutionNode = FALSE
	EndGlobalSection
	GlobalSection(ExtensibilityGlobals) = postSolution
		SolutionGuid = {105EAE23-48CB-4605-981C-4A181DB079E6}
	EndGlobalSection
EndGlobal
