
Microsoft Visual Studio Solution File, Format Version 12.00
# Visual Studio Version 17
VisualStudioVersion = 17.1.32210.238
MinimumVisualStudioVersion = 10.0.40219.1
Project("{FAE04EC0-301F-11D3-BF4B-00C04F79EFBC}") = "Inheritance", "Inheritance.csproj", "{F3876E01-865A-4BD1-8DA3-581478B8DC73}"
EndProject
Global
	GlobalSection(SolutionConfigurationPlatforms) = preSolution
		Debug|Any CPU = Debug|Any CPU
		Release|Any CPU = Release|Any CPU
	EndGlobalSection
	GlobalSection(ProjectConfigurationPlatforms) = postSolution
		{F3876E01-865A-4BD1-8DA3-581478B8DC73}.Debug|Any CPU.ActiveCfg = Debug|Any CPU
		{F3876E01-865A-4BD1-8DA3-581478B8DC73}.Debug|Any CPU.Build.0 = Debug|Any CPU
		{F3876E01-865A-4BD1-8DA3-581478B8DC73}.Release|Any CPU.ActiveCfg = Release|Any CPU
		{F3876E01-865A-4BD1-8DA3-581478B8DC73}.Release|Any CPU.Build.0 = Release|Any CPU
	EndGlobalSection
	GlobalSection(SolutionProperties) = preSolution
		HideSolutionNode = FALSE
	EndGlobalSection
	GlobalSection(ExtensibilityGlobals) = postSolution
		SolutionGuid = {959752BC-CD26-4D89-9E40-DA395708F0FA}
	EndGlobalSection
EndGlobal
