
Microsoft Visual Studio Solution File, Format Version 12.00
# Visual Studio Version 17
VisualStudioVersion = 17.1.32210.238
MinimumVisualStudioVersion = 10.0.40219.1
Project("{FAE04EC0-301F-11D3-BF4B-00C04F79EFBC}") = "WebApplication", "WebApplication\WebApplication.csproj", "{0C9C0C22-B488-4D07-A14D-EC7FD797AFB3}"
EndProject
Global
	GlobalSection(SolutionConfigurationPlatforms) = preSolution
		Debug|Any CPU = Debug|Any CPU
		Release|Any CPU = Release|Any CPU
	EndGlobalSection
	GlobalSection(ProjectConfigurationPlatforms) = postSolution
		{0C9C0C22-B488-4D07-A14D-EC7FD797AFB3}.Debug|Any CPU.ActiveCfg = Debug|Any CPU
		{0C9C0C22-B488-4D07-A14D-EC7FD797AFB3}.Debug|Any CPU.Build.0 = Debug|Any CPU
		{0C9C0C22-B488-4D07-A14D-EC7FD797AFB3}.Release|Any CPU.ActiveCfg = Release|Any CPU
		{0C9C0C22-B488-4D07-A14D-EC7FD797AFB3}.Release|Any CPU.Build.0 = Release|Any CPU
	EndGlobalSection
	GlobalSection(SolutionProperties) = preSolution
		HideSolutionNode = FALSE
	EndGlobalSection
	GlobalSection(ExtensibilityGlobals) = postSolution
		SolutionGuid = {35F0470B-A627-4DAB-9A7B-1880D15E9297}
	EndGlobalSection
EndGlobal
